{
    "_readme": [
        "This file locks the dependencies of your project to a known state",
        "Read more about it at https://getcomposer.org/doc/01-basic-usage.md#installing-dependencies"
    ],
    "content-hash": "4f8e2c91b7d5a3f0e1c6b4a2d8f9e0c7",
    "packages": [],
    "packages-dev": [],
    "aliases": [],
    "minimum-stability": "stable",
    "stability-flags": [],
    "prefer-stable": true,
    "prefer-lowest": false,
    "platform": {
        "php": ">=8.0.0",
        "ext-mysqli": "*",
        "ext-openssl": "*",
        "ext-json": "*",
        "ext-mbstring": "*"
    },
    "platform-dev": {},
    "plugin-api-version": "2.6.0"
}
